capnproto.org/go/capnp/v3 v3.1.0-alpha.1 h1:8/sMnWuatR99G0L0vmnrXj0zVP0MrlyClRqSmqGYydo=
capnproto.org/go/capnp/v3 v3.1.0-alpha.1/go.mod h1:2vT5D2dtG8sJGEoEKU17e+j7shdaYp1Myl8X03B3hmc=
github.com/capnproto/go-capnp v2.18.2+incompatible h1:ESQPu2TiuPpdOOnZbBnmKGQ6qhQAsx/JYigIWG0rkiQ=
github.com/capnproto/go-capnp v2.18.2+incompatible/go.mod h1:DG8Jqv0Qu21/9rMVILrO74i+4eDiIy7xlQXFIk+TDRs=
github.com/colega/zeropool v0.0.0-20230505084239-6fb4a4f75381 h1:d5EKgQfRQvO97jnISfR89AiCCCJMwMFoSxUiU0OGCRU=
github.com/colega/zeropool v0.0.0-20230505084239-6fb4a4f75381/go.mod h1:OU76gHeRo8xrzGJU3F3I1CqX1ekM8dfJw0+wPeMwnp0=
golang.org/x/net v0.40.0 h1:79Xs7wF06Gbdcg4kdCCIQArK11Z1hr5POQ6+fIYHNuY=
golang.org/x/net v0.40.0/go.mod h1:y0hY0exeL2Pku80/zKK7tpntoX23cqL3Oa6njdgRtds=
golang.org/x/sync v0.7.0 h1:YsImfSBoP9QPYL0xyKJPq0gcaJdG3rInoqxTWbfQu9M=
golang.org/x/sync v0.7.0/go.mod h1:Czt+wKu1gCyEFDUtn0jG5QVvpJ6rzVqr5aXyt9drQfk=
zombiezen.com/go/capnproto2 v2.18.2+incompatible h1:v3BD1zbruvffn7zjJUU5Pn8nZAB11bhZSQC4W+YnnKo=
zombiezen.com/go/capnproto2 v2.18.2+incompatible/go.mod h1:XO5Pr2SbXgqZwn0m0Ru54QBqpOf4K5AYBO+8LAOBQEQ=
